
Microsoft Visual Studio Solution File, Format Version 12.00
# Visual Studio 15
VisualStudioVersion = 15.0.26124.0
MinimumVisualStudioVersion = 15.0.26124.0
Project("{2150E333-8FDC-42A3-9474-1A3956D46DE8}") = "src", "src", "{61C3AAF0-616E-4F29-B3F8-55220030E433}"
EndProject
Project("{FAE04EC0-301F-11D3-BF4B-00C04F79EFBC}") = "Corsinvest.ProxmoxVE.TelegramBot", "src\Corsinvest.ProxmoxVE.TelegramBot\Corsinvest.ProxmoxVE.TelegramBot.csproj", "{49D562AF-4C8B-4C3F-B50E-D91AADDAE689}"
EndProject
Project("{FAE04EC0-301F-11D3-BF4B-00C04F79EFBC}") = "Corsinvest.ProxmoxVE.TelegramBot.Api", "src\Corsinvest.ProxmoxVE.TelegramBot.Api\Corsinvest.ProxmoxVE.TelegramBot.Api.csproj", "{5DFB953B-569D-4A51-AA8F-419DC48851FB}"
EndProject
Global
	GlobalSection(SolutionConfigurationPlatforms) = preSolution
		Debug|Any CPU = Debug|Any CPU
		Debug|x64 = Debug|x64
		Debug|x86 = Debug|x86
		Release|Any CPU = Release|Any CPU
		Release|x64 = Release|x64
		Release|x86 = Release|x86
	EndGlobalSection
	GlobalSection(SolutionProperties) = preSolution
		HideSolutionNode = FALSE
	EndGlobalSection
	GlobalSection(ProjectConfigurationPlatforms) = postSolution
		{49D562AF-4C8B-4C3F-B50E-D91AADDAE689}.Debug|Any CPU.ActiveCfg = Debug|Any CPU
		{49D562AF-4C8B-4C3F-B50E-D91AADDAE689}.Debug|Any CPU.Build.0 = Debug|Any CPU
		{49D562AF-4C8B-4C3F-B50E-D91AADDAE689}.Debug|x64.ActiveCfg = Debug|Any CPU
		{49D562AF-4C8B-4C3F-B50E-D91AADDAE689}.Debug|x64.Build.0 = Debug|Any CPU
		{49D562AF-4C8B-4C3F-B50E-D91AADDAE689}.Debug|x86.ActiveCfg = Debug|Any CPU
		{49D562AF-4C8B-4C3F-B50E-D91AADDAE689}.Debug|x86.Build.0 = Debug|Any CPU
		{49D562AF-4C8B-4C3F-B50E-D91AADDAE689}.Release|Any CPU.ActiveCfg = Release|Any CPU
		{49D562AF-4C8B-4C3F-B50E-D91AADDAE689}.Release|Any CPU.Build.0 = Release|Any CPU
		{49D562AF-4C8B-4C3F-B50E-D91AADDAE689}.Release|x64.ActiveCfg = Release|Any CPU
		{49D562AF-4C8B-4C3F-B50E-D91AADDAE689}.Release|x64.Build.0 = Release|Any CPU
		{49D562AF-4C8B-4C3F-B50E-D91AADDAE689}.Release|x86.ActiveCfg = Release|Any CPU
		{49D562AF-4C8B-4C3F-B50E-D91AADDAE689}.Release|x86.Build.0 = Release|Any CPU
		{5DFB953B-569D-4A51-AA8F-419DC48851FB}.Debug|Any CPU.ActiveCfg = Debug|Any CPU
		{5DFB953B-569D-4A51-AA8F-419DC48851FB}.Debug|Any CPU.Build.0 = Debug|Any CPU
		{5DFB953B-569D-4A51-AA8F-419DC48851FB}.Debug|x64.ActiveCfg = Debug|Any CPU
		{5DFB953B-569D-4A51-AA8F-419DC48851FB}.Debug|x64.Build.0 = Debug|Any CPU
		{5DFB953B-569D-4A51-AA8F-419DC48851FB}.Debug|x86.ActiveCfg = Debug|Any CPU
		{5DFB953B-569D-4A51-AA8F-419DC48851FB}.Debug|x86.Build.0 = Debug|Any CPU
		{5DFB953B-569D-4A51-AA8F-419DC48851FB}.Release|Any CPU.ActiveCfg = Release|Any CPU
		{5DFB953B-569D-4A51-AA8F-419DC48851FB}.Release|Any CPU.Build.0 = Release|Any CPU
		{5DFB953B-569D-4A51-AA8F-419DC48851FB}.Release|x64.ActiveCfg = Release|Any CPU
		{5DFB953B-569D-4A51-AA8F-419DC48851FB}.Release|x64.Build.0 = Release|Any CPU
		{5DFB953B-569D-4A51-AA8F-419DC48851FB}.Release|x86.ActiveCfg = Release|Any CPU
		{5DFB953B-569D-4A51-AA8F-419DC48851FB}.Release|x86.Build.0 = Release|Any CPU
	EndGlobalSection
	GlobalSection(NestedProjects) = preSolution
		{49D562AF-4C8B-4C3F-B50E-D91AADDAE689} = {61C3AAF0-616E-4F29-B3F8-55220030E433}
		{5DFB953B-569D-4A51-AA8F-419DC48851FB} = {61C3AAF0-616E-4F29-B3F8-55220030E433}
	EndGlobalSection
EndGlobal
